
Microsoft Visual Studio Solution File, Format Version 12.00
# Visual Studio Version 17
VisualStudioVersion = 17.12.35707.178
MinimumVisualStudioVersion = 10.0.40219.1
Project("{2150E333-8FDC-42A3-9474-1A3956D46DE8}") = "Task0", "Task0", "{BEECC464-CEB0-4DAF-8BEE-5E2C92E6FFB4}"
EndProject
Project("{FAE04EC0-301F-11D3-BF4B-00C04F79EFBC}") = "Tyuiu.FendelNS.Sprint2.Task0.V14", "Tyuiu.FendelNS.Sprint2.Task0.V14\Tyuiu.FendelNS.Sprint2.Task0.V14.csproj", "{F3BCF1B5-88E5-4113-8258-086BDEEB972D}"
EndProject
Project("{FAE04EC0-301F-11D3-BF4B-00C04F79EFBC}") = "Tyuiu.FendelNS.Sprint2.Task0.V14.Lib", "Tyuiu.FendelNS.Sprint2.Task0.V14.Lib\Tyuiu.FendelNS.Sprint2.Task0.V14.Lib.csproj", "{667B0094-ADB0-40BF-A412-301246264108}"
EndProject
Project("{FAE04EC0-301F-11D3-BF4B-00C04F79EFBC}") = "Tyuiu.FendelNS.Sprint2.Task0.V14.Test", "Tyuiu.FendelNS.Sprint2.Task0.V14.Test\Tyuiu.FendelNS.Sprint2.Task0.V14.Test.csproj", "{99B54A26-FDF1-41E1-9526-5AEBEF108AFE}"
EndProject
Project("{2150E333-8FDC-42A3-9474-1A3956D46DE8}") = "Task1", "Task1", "{24EF7327-855A-47FE-9A85-8D355B82B045}"
EndProject
Project("{FAE04EC0-301F-11D3-BF4B-00C04F79EFBC}") = "Tyuiu.FendelNS.Sprint2.Task1.V21", "Tyuiu.FendelNS.Sprint2.Task1.V21\Tyuiu.FendelNS.Sprint2.Task1.V21.csproj", "{14C6BF22-7473-44BD-B531-15C9348F57F1}"
EndProject
Project("{FAE04EC0-301F-11D3-BF4B-00C04F79EFBC}") = "Tyuiu.FendelNS.Sprint2.Task1.V21.Lib", "Tyuiu.FendelNS.Sprint2.Task1.V21.Lib\Tyuiu.FendelNS.Sprint2.Task1.V21.Lib.csproj", "{393AD53B-4F7F-4B44-A463-4799DEFB1FE4}"
EndProject
Project("{FAE04EC0-301F-11D3-BF4B-00C04F79EFBC}") = "Tyuiu.FendelNS.Sprint2.Task1.V21.Test", "Tyuiu.FendelNS.Sprint2.Task1.V21.Test\Tyuiu.FendelNS.Sprint2.Task1.V21.Test.csproj", "{4E3080B6-E2F5-46C2-A0AD-7A3856E732C6}"
EndProject
Project("{2150E333-8FDC-42A3-9474-1A3956D46DE8}") = "Task2", "Task2", "{ED2CB775-64B1-451D-B400-6CA68E7FF74A}"
EndProject
Project("{FAE04EC0-301F-11D3-BF4B-00C04F79EFBC}") = "Tyuiu.FendelNS.Sprint2.Task2.V21", "Tyuiu.FendelNS.Sprint2.Task2.V21\Tyuiu.FendelNS.Sprint2.Task2.V21.csproj", "{6126F1FE-D138-4369-9C51-E32B2D7A4766}"
EndProject
Project("{FAE04EC0-301F-11D3-BF4B-00C04F79EFBC}") = "Tyuiu.FendelNS.Sprint2.Task2.V21.Lib", "Tyuiu.FendelNS.Sprint2.Task2.V21.Lib\Tyuiu.FendelNS.Sprint2.Task2.V21.Lib.csproj", "{C7075FDA-0AC0-4F87-87A1-28E1C7F44273}"
EndProject
Project("{FAE04EC0-301F-11D3-BF4B-00C04F79EFBC}") = "Tyuiu.FendelNS.Sprint2.Task2.V21.Test", "Tyuiu.FendelNS.Sprint2.Task2.V21.Test\Tyuiu.FendelNS.Sprint2.Task2.V21.Test.csproj", "{9B5757A0-75F8-43E8-A1EE-20DD56393ABB}"
EndProject
Project("{2150E333-8FDC-42A3-9474-1A3956D46DE8}") = "Task3", "Task3", "{5B631000-851F-4858-AACC-ED2E5ED0EA17}"
EndProject
Project("{FAE04EC0-301F-11D3-BF4B-00C04F79EFBC}") = "Tyuiu.FendelNS.Sprint2.Task3.V8", "Tyuiu.FendelNS.Sprint2.Task3.V8\Tyuiu.FendelNS.Sprint2.Task3.V8.csproj", "{D3AC6FF9-5FB6-4A23-AEB0-F8A3390D8BF5}"
EndProject
Project("{FAE04EC0-301F-11D3-BF4B-00C04F79EFBC}") = "Tyuiu.FendelNS.Sprint2.Task3.V8.Lib", "Tyuiu.FendelNS.Sprint2.Task3.V8.Lib\Tyuiu.FendelNS.Sprint2.Task3.V8.Lib.csproj", "{3F4DE46C-7BB9-4EC1-94B1-658BFB154982}"
EndProject
Project("{FAE04EC0-301F-11D3-BF4B-00C04F79EFBC}") = "Tyuiu.FendelNS.Sprint2.Task3.V8.Test", "Tyuiu.FendelNS.Sprint2.Task3.V8.Test\Tyuiu.FendelNS.Sprint2.Task3.V8.Test.csproj", "{796C051F-1043-4C8E-988C-CC4317D69178}"
EndProject
Project("{2150E333-8FDC-42A3-9474-1A3956D46DE8}") = "Task4", "Task4", "{638B49B3-70ED-45D7-A8FE-68855A5904E7}"
EndProject
Project("{FAE04EC0-301F-11D3-BF4B-00C04F79EFBC}") = "Tyuiu.FendelNS.Sprint2.Task4.V22", "Tyuiu.FendelNS.Sprint2.Task4.V22\Tyuiu.FendelNS.Sprint2.Task4.V22.csproj", "{FBCC70D7-AFBE-4B46-B5C3-168F2C54F528}"
EndProject
Project("{FAE04EC0-301F-11D3-BF4B-00C04F79EFBC}") = "Tyuiu.FendelNS.Sprint2.Task4.V22.Lib", "Tyuiu.FendelNS.Sprint2.Task4.V22.Lib\Tyuiu.FendelNS.Sprint2.Task4.V22.Lib.csproj", "{9CF37F57-D619-4669-B25F-80EAB4F8125B}"
EndProject
Project("{FAE04EC0-301F-11D3-BF4B-00C04F79EFBC}") = "Tyuiu.FendelNS.Sprint2.Task4.V22.Test", "Tyuiu.FendelNS.Sprint2.Task4.V22.Test\Tyuiu.FendelNS.Sprint2.Task4.V22.Test.csproj", "{E55BC4ED-F8A5-4F81-915E-D5402D78DCE7}"
EndProject
Project("{2150E333-8FDC-42A3-9474-1A3956D46DE8}") = "Task5", "Task5", "{4C92BFDE-1CAC-44ED-913D-54948286D109}"
EndProject
Project("{FAE04EC0-301F-11D3-BF4B-00C04F79EFBC}") = "Tyuiu.FendelNS.Sprint2.Task5.V3", "Tyuiu.FendelNS.Sprint2.Task5.V3\Tyuiu.FendelNS.Sprint2.Task5.V3.csproj", "{87EC63AC-5A02-4406-8A14-D0B040169AB8}"
EndProject
Project("{FAE04EC0-301F-11D3-BF4B-00C04F79EFBC}") = "Tyuiu.FendelNS.Sprint2.Task5.V3.Lib", "Tyuiu.FendelNS.Sprint2.Task5.V3.Lib\Tyuiu.FendelNS.Sprint2.Task5.V3.Lib.csproj", "{96F0FAC7-41B5-4005-803F-897D659CC234}"
EndProject
Project("{FAE04EC0-301F-11D3-BF4B-00C04F79EFBC}") = "Tyuiu.FendelNS.Sprint2.Task5.V3.Test", "Tyuiu.FendelNS.Sprint2.Task5.V3.Test\Tyuiu.FendelNS.Sprint2.Task5.V3.Test.csproj", "{DBA3C026-3DA1-4246-A41F-62915DA175A6}"
EndProject
Global
	GlobalSection(SolutionConfigurationPlatforms) = preSolution
		Debug|Any CPU = Debug|Any CPU
		Release|Any CPU = Release|Any CPU
	EndGlobalSection
	GlobalSection(ProjectConfigurationPlatforms) = postSolution
		{F3BCF1B5-88E5-4113-8258-086BDEEB972D}.Debug|Any CPU.ActiveCfg = Debug|Any CPU
		{F3BCF1B5-88E5-4113-8258-086BDEEB972D}.Debug|Any CPU.Build.0 = Debug|Any CPU
		{F3BCF1B5-88E5-4113-8258-086BDEEB972D}.Release|Any CPU.ActiveCfg = Release|Any CPU
		{F3BCF1B5-88E5-4113-8258-086BDEEB972D}.Release|Any CPU.Build.0 = Release|Any CPU
		{667B0094-ADB0-40BF-A412-301246264108}.Debug|Any CPU.ActiveCfg = Debug|Any CPU
		{667B0094-ADB0-40BF-A412-301246264108}.Debug|Any CPU.Build.0 = Debug|Any CPU
		{667B0094-ADB0-40BF-A412-301246264108}.Release|Any CPU.ActiveCfg = Release|Any CPU
		{667B0094-ADB0-40BF-A412-301246264108}.Release|Any CPU.Build.0 = Release|Any CPU
		{99B54A26-FDF1-41E1-9526-5AEBEF108AFE}.Debug|Any CPU.ActiveCfg = Debug|Any CPU
		{99B54A26-FDF1-41E1-9526-5AEBEF108AFE}.Debug|Any CPU.Build.0 = Debug|Any CPU
		{99B54A26-FDF1-41E1-9526-5AEBEF108AFE}.Release|Any CPU.ActiveCfg = Release|Any CPU
		{99B54A26-FDF1-41E1-9526-5AEBEF108AFE}.Release|Any CPU.Build.0 = Release|Any CPU
		{14C6BF22-7473-44BD-B531-15C9348F57F1}.Debug|Any CPU.ActiveCfg = Debug|Any CPU
		{14C6BF22-7473-44BD-B531-15C9348F57F1}.Debug|Any CPU.Build.0 = Debug|Any CPU
		{14C6BF22-7473-44BD-B531-15C9348F57F1}.Release|Any CPU.ActiveCfg = Release|Any CPU
		{14C6BF22-7473-44BD-B531-15C9348F57F1}.Release|Any CPU.Build.0 = Release|Any CPU
		{393AD53B-4F7F-4B44-A463-4799DEFB1FE4}.Debug|Any CPU.ActiveCfg = Debug|Any CPU
		{393AD53B-4F7F-4B44-A463-4799DEFB1FE4}.Debug|Any CPU.Build.0 = Debug|Any CPU
		{393AD53B-4F7F-4B44-A463-4799DEFB1FE4}.Release|Any CPU.ActiveCfg = Release|Any CPU
		{393AD53B-4F7F-4B44-A463-4799DEFB1FE4}.Release|Any CPU.Build.0 = Release|Any CPU
		{4E3080B6-E2F5-46C2-A0AD-7A3856E732C6}.Debug|Any CPU.ActiveCfg = Debug|Any CPU
		{4E3080B6-E2F5-46C2-A0AD-7A3856E732C6}.Debug|Any CPU.Build.0 = Debug|Any CPU
		{4E3080B6-E2F5-46C2-A0AD-7A3856E732C6}.Release|Any CPU.ActiveCfg = Release|Any CPU
		{4E3080B6-E2F5-46C2-A0AD-7A3856E732C6}.Release|Any CPU.Build.0 = Release|Any CPU
		{6126F1FE-D138-4369-9C51-E32B2D7A4766}.Debug|Any CPU.ActiveCfg = Debug|Any CPU
		{6126F1FE-D138-4369-9C51-E32B2D7A4766}.Debug|Any CPU.Build.0 = Debug|Any CPU
		{6126F1FE-D138-4369-9C51-E32B2D7A4766}.Release|Any CPU.ActiveCfg = Release|Any CPU
		{6126F1FE-D138-4369-9C51-E32B2D7A4766}.Release|Any CPU.Build.0 = Release|Any CPU
		{C7075FDA-0AC0-4F87-87A1-28E1C7F44273}.Debug|Any CPU.ActiveCfg = Debug|Any CPU
		{C7075FDA-0AC0-4F87-87A1-28E1C7F44273}.Debug|Any CPU.Build.0 = Debug|Any CPU
		{C7075FDA-0AC0-4F87-87A1-28E1C7F44273}.Release|Any CPU.ActiveCfg = Release|Any CPU
		{C7075FDA-0AC0-4F87-87A1-28E1C7F44273}.Release|Any CPU.Build.0 = Release|Any CPU
		{9B5757A0-75F8-43E8-A1EE-20DD56393ABB}.Debug|Any CPU.ActiveCfg = Debug|Any CPU
		{9B5757A0-75F8-43E8-A1EE-20DD56393ABB}.Debug|Any CPU.Build.0 = Debug|Any CPU
		{9B5757A0-75F8-43E8-A1EE-20DD56393ABB}.Release|Any CPU.ActiveCfg = Release|Any CPU
		{9B5757A0-75F8-43E8-A1EE-20DD56393ABB}.Release|Any CPU.Build.0 = Release|Any CPU
		{D3AC6FF9-5FB6-4A23-AEB0-F8A3390D8BF5}.Debug|Any CPU.ActiveCfg = Debug|Any CPU
		{D3AC6FF9-5FB6-4A23-AEB0-F8A3390D8BF5}.Debug|Any CPU.Build.0 = Debug|Any CPU
		{D3AC6FF9-5FB6-4A23-AEB0-F8A3390D8BF5}.Release|Any CPU.ActiveCfg = Release|Any CPU
		{D3AC6FF9-5FB6-4A23-AEB0-F8A3390D8BF5}.Release|Any CPU.Build.0 = Release|Any CPU
		{3F4DE46C-7BB9-4EC1-94B1-658BFB154982}.Debug|Any CPU.ActiveCfg = Debug|Any CPU
		{3F4DE46C-7BB9-4EC1-94B1-658BFB154982}.Debug|Any CPU.Build.0 = Debug|Any CPU
		{3F4DE46C-7BB9-4EC1-94B1-658BFB154982}.Release|Any CPU.ActiveCfg = Release|Any CPU
		{3F4DE46C-7BB9-4EC1-94B1-658BFB154982}.Release|Any CPU.Build.0 = Release|Any CPU
		{796C051F-1043-4C8E-988C-CC4317D69178}.Debug|Any CPU.ActiveCfg = Debug|Any CPU
		{796C051F-1043-4C8E-988C-CC4317D69178}.Debug|Any CPU.Build.0 = Debug|Any CPU
		{796C051F-1043-4C8E-988C-CC4317D69178}.Release|Any CPU.ActiveCfg = Release|Any CPU
		{796C051F-1043-4C8E-988C-CC4317D69178}.Release|Any CPU.Build.0 = Release|Any CPU
		{FBCC70D7-AFBE-4B46-B5C3-168F2C54F528}.Debug|Any CPU.ActiveCfg = Debug|Any CPU
		{FBCC70D7-AFBE-4B46-B5C3-168F2C54F528}.Debug|Any CPU.Build.0 = Debug|Any CPU
		{FBCC70D7-AFBE-4B46-B5C3-168F2C54F528}.Release|Any CPU.ActiveCfg = Release|Any CPU
		{FBCC70D7-AFBE-4B46-B5C3-168F2C54F528}.Release|Any CPU.Build.0 = Release|Any CPU
		{9CF37F57-D619-4669-B25F-80EAB4F8125B}.Debug|Any CPU.ActiveCfg = Debug|Any CPU
		{9CF37F57-D619-4669-B25F-80EAB4F8125B}.Debug|Any CPU.Build.0 = Debug|Any CPU
		{9CF37F57-D619-4669-B25F-80EAB4F8125B}.Release|Any CPU.ActiveCfg = Release|Any CPU
		{9CF37F57-D619-4669-B25F-80EAB4F8125B}.Release|Any CPU.Build.0 = Release|Any CPU
		{E55BC4ED-F8A5-4F81-915E-D5402D78DCE7}.Debug|Any CPU.ActiveCfg = Debug|Any CPU
		{E55BC4ED-F8A5-4F81-915E-D5402D78DCE7}.Debug|Any CPU.Build.0 = Debug|Any CPU
		{E55BC4ED-F8A5-4F81-915E-D5402D78DCE7}.Release|Any CPU.ActiveCfg = Release|Any CPU
		{E55BC4ED-F8A5-4F81-915E-D5402D78DCE7}.Release|Any CPU.Build.0 = Release|Any CPU
		{87EC63AC-5A02-4406-8A14-D0B040169AB8}.Debug|Any CPU.ActiveCfg = Debug|Any CPU
		{87EC63AC-5A02-4406-8A14-D0B040169AB8}.Debug|Any CPU.Build.0 = Debug|Any CPU
		{87EC63AC-5A02-4406-8A14-D0B040169AB8}.Release|Any CPU.ActiveCfg = Release|Any CPU
		{87EC63AC-5A02-4406-8A14-D0B040169AB8}.Release|Any CPU.Build.0 = Release|Any CPU
		{96F0FAC7-41B5-4005-803F-897D659CC234}.Debug|Any CPU.ActiveCfg = Debug|Any CPU
		{96F0FAC7-41B5-4005-803F-897D659CC234}.Debug|Any CPU.Build.0 = Debug|Any CPU
		{96F0FAC7-41B5-4005-803F-897D659CC234}.Release|Any CPU.ActiveCfg = Release|Any CPU
		{96F0FAC7-41B5-4005-803F-897D659CC234}.Release|Any CPU.Build.0 = Release|Any CPU
		{DBA3C026-3DA1-4246-A41F-62915DA175A6}.Debug|Any CPU.ActiveCfg = Debug|Any CPU
		{DBA3C026-3DA1-4246-A41F-62915DA175A6}.Debug|Any CPU.Build.0 = Debug|Any CPU
		{DBA3C026-3DA1-4246-A41F-62915DA175A6}.Release|Any CPU.ActiveCfg = Release|Any CPU
		{DBA3C026-3DA1-4246-A41F-62915DA175A6}.Release|Any CPU.Build.0 = Release|Any CPU
	EndGlobalSection
	GlobalSection(SolutionProperties) = preSolution
		HideSolutionNode = FALSE
	EndGlobalSection
	GlobalSection(NestedProjects) = preSolution
		{F3BCF1B5-88E5-4113-8258-086BDEEB972D} = {BEECC464-CEB0-4DAF-8BEE-5E2C92E6FFB4}
		{667B0094-ADB0-40BF-A412-301246264108} = {BEECC464-CEB0-4DAF-8BEE-5E2C92E6FFB4}
		{99B54A26-FDF1-41E1-9526-5AEBEF108AFE} = {BEECC464-CEB0-4DAF-8BEE-5E2C92E6FFB4}
		{14C6BF22-7473-44BD-B531-15C9348F57F1} = {24EF7327-855A-47FE-9A85-8D355B82B045}
		{393AD53B-4F7F-4B44-A463-4799DEFB1FE4} = {24EF7327-855A-47FE-9A85-8D355B82B045}
		{4E3080B6-E2F5-46C2-A0AD-7A3856E732C6} = {24EF7327-855A-47FE-9A85-8D355B82B045}
		{6126F1FE-D138-4369-9C51-E32B2D7A4766} = {ED2CB775-64B1-451D-B400-6CA68E7FF74A}
		{C7075FDA-0AC0-4F87-87A1-28E1C7F44273} = {ED2CB775-64B1-451D-B400-6CA68E7FF74A}
		{9B5757A0-75F8-43E8-A1EE-20DD56393ABB} = {ED2CB775-64B1-451D-B400-6CA68E7FF74A}
		{D3AC6FF9-5FB6-4A23-AEB0-F8A3390D8BF5} = {5B631000-851F-4858-AACC-ED2E5ED0EA17}
		{3F4DE46C-7BB9-4EC1-94B1-658BFB154982} = {5B631000-851F-4858-AACC-ED2E5ED0EA17}
		{796C051F-1043-4C8E-988C-CC4317D69178} = {5B631000-851F-4858-AACC-ED2E5ED0EA17}
		{FBCC70D7-AFBE-4B46-B5C3-168F2C54F528} = {638B49B3-70ED-45D7-A8FE-68855A5904E7}
		{9CF37F57-D619-4669-B25F-80EAB4F8125B} = {638B49B3-70ED-45D7-A8FE-68855A5904E7}
		{E55BC4ED-F8A5-4F81-915E-D5402D78DCE7} = {638B49B3-70ED-45D7-A8FE-68855A5904E7}
		{87EC63AC-5A02-4406-8A14-D0B040169AB8} = {4C92BFDE-1CAC-44ED-913D-54948286D109}
		{96F0FAC7-41B5-4005-803F-897D659CC234} = {4C92BFDE-1CAC-44ED-913D-54948286D109}
		{DBA3C026-3DA1-4246-A41F-62915DA175A6} = {4C92BFDE-1CAC-44ED-913D-54948286D109}
	EndGlobalSection
EndGlobal
